
Microsoft Visual Studio Solution File, Format Version 12.00
# Visual Studio Version 16
VisualStudioVersion = 16.0.31702.278
MinimumVisualStudioVersion = 10.0.40219.1
Project("{8BC9CEB8-8B4A-11D0-8D11-00A0C91BC942}") = "raspolozhenie_kruzhkov", "raspolozhenie_kruzhkov\raspolozhenie_kruzhkov.vcxproj", "{FBBD2995-E9D2-43F4-BA58-D707868867B8}"
EndProject
Global
	GlobalSection(SolutionConfigurationPlatforms) = preSolution
		Debug|x64 = Debug|x64
		Debug|x86 = Debug|x86
		Release|x64 = Release|x64
		Release|x86 = Release|x86
	EndGlobalSection
	GlobalSection(ProjectConfigurationPlatforms) = postSolution
		{FBBD2995-E9D2-43F4-BA58-D707868867B8}.Debug|x64.ActiveCfg = Debug|x64
		{FBBD2995-E9D2-43F4-BA58-D707868867B8}.Debug|x64.Build.0 = Debug|x64
		{FBBD2995-E9D2-43F4-BA58-D707868867B8}.Debug|x86.ActiveCfg = Debug|Win32
		{FBBD2995-E9D2-43F4-BA58-D707868867B8}.Debug|x86.Build.0 = Debug|Win32
		{FBBD2995-E9D2-43F4-BA58-D707868867B8}.Release|x64.ActiveCfg = Release|x64
		{FBBD2995-E9D2-43F4-BA58-D707868867B8}.Release|x64.Build.0 = Release|x64
		{FBBD2995-E9D2-43F4-BA58-D707868867B8}.Release|x86.ActiveCfg = Release|Win32
		{FBBD2995-E9D2-43F4-BA58-D707868867B8}.Release|x86.Build.0 = Release|Win32
	EndGlobalSection
	GlobalSection(SolutionProperties) = preSolution
		HideSolutionNode = FALSE
	EndGlobalSection
	GlobalSection(ExtensibilityGlobals) = postSolution
		SolutionGuid = {D4132B69-8AE2-4C61-8306-B54F18B91945}
	EndGlobalSection
EndGlobal
